{
  "name": "bumblebee",
  "version": "1.0.0",
  "dependencies": {
    "almond": {
      "version": "0.3.3",
      "from": "almond@>=0.3.1 <0.4.0",
      "resolved": "https://registry.npmjs.org/almond/-/almond-0.3.3.tgz"
    },
    "ansi-regex": {
      "version": "2.1.1",
      "from": "ansi-regex@>=2.0.0 <3.0.0",
      "resolved": "https://registry.npmjs.org/ansi-regex/-/ansi-regex-2.1.1.tgz"
    },
    "ansi-styles": {
      "version": "2.2.1",
      "from": "ansi-styles@>=2.2.1 <3.0.0",
      "resolved": "https://registry.npmjs.org/ansi-styles/-/ansi-styles-2.2.1.tgz"
    },
    "asap": {
      "version": "2.0.6",
      "from": "asap@>=2.0.3 <2.1.0",
      "resolved": "https://registry.npmjs.org/asap/-/asap-2.0.6.tgz"
    },
    "asn1": {
      "version": "0.2.3",
      "from": "asn1@>=0.2.3 <0.3.0",
      "resolved": "https://registry.npmjs.org/asn1/-/asn1-0.2.3.tgz"
    },
    "assert-plus": {
      "version": "0.2.0",
      "from": "assert-plus@>=0.2.0 <0.3.0",
      "resolved": "https://registry.npmjs.org/assert-plus/-/assert-plus-0.2.0.tgz"
    },
    "async": {
      "version": "2.5.0",
      "from": "async@2.5.0",
      "resolved": "https://registry.npmjs.org/async/-/async-2.5.0.tgz",
      "dependencies": {
        "lodash": {
          "version": "4.17.5",
          "from": "lodash@>=4.14.0 <5.0.0",
          "resolved": "https://registry.npmjs.org/lodash/-/lodash-4.17.5.tgz"
        }
      }
    },
    "asynckit": {
      "version": "0.4.0",
      "from": "asynckit@>=0.4.0 <0.5.0",
      "resolved": "https://registry.npmjs.org/asynckit/-/asynckit-0.4.0.tgz"
    },
    "aws-sign2": {
      "version": "0.6.0",
      "from": "aws-sign2@>=0.6.0 <0.7.0",
      "resolved": "https://registry.npmjs.org/aws-sign2/-/aws-sign2-0.6.0.tgz"
    },
    "aws4": {
      "version": "1.6.0",
      "from": "aws4@>=1.2.1 <2.0.0",
      "resolved": "https://registry.npmjs.org/aws4/-/aws4-1.6.0.tgz"
    },
    "babel-standalone": {
      "version": "6.26.0",
      "from": "babel-standalone@latest",
      "resolved": "https://registry.npmjs.org/babel-standalone/-/babel-standalone-6.26.0.tgz"
    },
    "backbone": {
      "version": "1.1.2",
      "from": "backbone@1.1.2",
      "resolved": "https://registry.npmjs.org/backbone/-/backbone-1.1.2.tgz"
    },
    "backbone-validation": {
      "version": "0.11.3",
      "from": "backbone-validation@0.11.3",
      "resolved": "https://registry.npmjs.org/backbone-validation/-/backbone-validation-0.11.3.tgz"
    },
    "backbone.babysitter": {
      "version": "0.1.12",
      "from": "backbone.babysitter@>=0.1.0 <0.2.0",
      "resolved": "https://registry.npmjs.org/backbone.babysitter/-/backbone.babysitter-0.1.12.tgz"
    },
    "backbone.marionette": {
      "version": "2.4.5",
      "from": "backbone.marionette@2.4.5",
      "resolved": "https://registry.npmjs.org/backbone.marionette/-/backbone.marionette-2.4.5.tgz"
    },
    "backbone.stickit": {
      "version": "0.8.0",
      "from": "backbone.stickit@>=0.8.0 <0.9.0",
      "resolved": "https://registry.npmjs.org/backbone.stickit/-/backbone.stickit-0.8.0.tgz"
    },
    "backbone.wreqr": {
      "version": "1.4.0",
      "from": "backbone.wreqr@>=1.0.0 <2.0.0",
      "resolved": "https://registry.npmjs.org/backbone.wreqr/-/backbone.wreqr-1.4.0.tgz"
    },
    "bcrypt-pbkdf": {
      "version": "1.0.1",
      "from": "bcrypt-pbkdf@>=1.0.0 <2.0.0",
      "resolved": "https://registry.npmjs.org/bcrypt-pbkdf/-/bcrypt-pbkdf-1.0.1.tgz",
      "optional": true
    },
    "bindings": {
      "version": "1.3.0",
      "from": "bindings@>=1.2.1 <2.0.0",
      "resolved": "https://registry.npmjs.org/bindings/-/bindings-1.3.0.tgz"
    },
    "boolbase": {
      "version": "1.0.0",
      "from": "boolbase@>=1.0.0 <1.1.0",
      "resolved": "https://registry.npmjs.org/boolbase/-/boolbase-1.0.0.tgz"
    },
    "boom": {
      "version": "2.10.1",
      "from": "boom@>=2.0.0 <3.0.0",
      "resolved": "https://registry.npmjs.org/boom/-/boom-2.10.1.tgz"
    },
    "bootstrap-sass": {
      "version": "3.3.7",
      "from": "bootstrap-sass@>=3.3.7 <4.0.0",
      "resolved": "https://registry.npmjs.org/bootstrap-sass/-/bootstrap-sass-3.3.7.tgz"
    },
    "caseless": {
      "version": "0.11.0",
      "from": "caseless@>=0.11.0 <0.12.0",
      "resolved": "https://registry.npmjs.org/caseless/-/caseless-0.11.0.tgz"
    },
    "cheerio": {
      "version": "0.22.0",
      "from": "cheerio@>=0.22.0 <0.23.0",
      "resolved": "https://registry.npmjs.org/cheerio/-/cheerio-0.22.0.tgz"
    },
    "cjson": {
      "version": "0.2.1",
      "from": "cjson@>=0.2.1 <0.3.0",
      "resolved": "https://registry.npmjs.org/cjson/-/cjson-0.2.1.tgz"
    },
    "clipboard": {
      "version": "2.0.0",
      "from": "clipboard@latest",
      "resolved": "https://registry.npmjs.org/clipboard/-/clipboard-2.0.0.tgz"
    },
    "combined-stream": {
      "version": "1.0.6",
      "from": "combined-stream@>=1.0.5 <1.1.0",
      "resolved": "https://registry.npmjs.org/combined-stream/-/combined-stream-1.0.6.tgz"
    },
    "commander": {
      "version": "2.14.1",
      "from": "commander@>=2.9.0 <3.0.0",
      "resolved": "https://registry.npmjs.org/commander/-/commander-2.14.1.tgz"
    },
    "contextify": {
      "version": "0.1.15",
      "from": "contextify@>=0.1.9 <0.2.0",
      "resolved": "https://registry.npmjs.org/contextify/-/contextify-0.1.15.tgz"
    },
    "core-js": {
      "version": "1.2.7",
      "from": "core-js@>=1.0.0 <2.0.0",
      "resolved": "https://registry.npmjs.org/core-js/-/core-js-1.2.7.tgz"
    },
    "core-util-is": {
      "version": "1.0.2",
      "from": "core-util-is@>=1.0.0 <1.1.0",
      "resolved": "https://registry.npmjs.org/core-util-is/-/core-util-is-1.0.2.tgz"
    },
    "create-react-class": {
      "version": "15.6.2",
      "from": "create-react-class@15.6.2",
      "resolved": "https://registry.npmjs.org/create-react-class/-/create-react-class-15.6.2.tgz"
    },
    "cryptiles": {
      "version": "2.0.5",
      "from": "cryptiles@>=2.0.0 <3.0.0",
      "resolved": "https://registry.npmjs.org/cryptiles/-/cryptiles-2.0.5.tgz"
    },
    "css-select": {
      "version": "1.2.0",
      "from": "css-select@>=1.2.0 <1.3.0",
      "resolved": "https://registry.npmjs.org/css-select/-/css-select-1.2.0.tgz"
    },
    "css-what": {
      "version": "2.1.0",
      "from": "css-what@>=2.1.0 <2.2.0",
      "resolved": "https://registry.npmjs.org/css-what/-/css-what-2.1.0.tgz"
    },
    "cssom": {
      "version": "0.2.5",
      "from": "cssom@>=0.2.5 <0.3.0",
      "resolved": "https://registry.npmjs.org/cssom/-/cssom-0.2.5.tgz"
    },
    "cssstyle": {
      "version": "0.2.37",
      "from": "cssstyle@>=0.2.14 <0.3.0",
      "resolved": "https://registry.npmjs.org/cssstyle/-/cssstyle-0.2.37.tgz",
      "dependencies": {
        "cssom": {
          "version": "0.3.2",
          "from": "cssom@>=0.3.0 <0.4.0",
          "resolved": "https://registry.npmjs.org/cssom/-/cssom-0.3.2.tgz"
        }
      }
    },
    "d3": {
      "version": "3.4.6",
      "from": "d3@3.4.6",
      "resolved": "https://registry.npmjs.org/d3/-/d3-3.4.6.tgz"
    },
    "d3-cloud": {
      "version": "1.2.5",
      "from": "d3-cloud@latest",
      "resolved": "https://registry.npmjs.org/d3-cloud/-/d3-cloud-1.2.5.tgz"
    },
    "d3-dispatch": {
      "version": "1.0.3",
      "from": "d3-dispatch@1.0.3",
      "resolved": "https://registry.npmjs.org/d3-dispatch/-/d3-dispatch-1.0.3.tgz"
    },
    "dashdash": {
      "version": "1.14.1",
      "from": "dashdash@>=1.12.0 <2.0.0",
      "resolved": "https://registry.npmjs.org/dashdash/-/dashdash-1.14.1.tgz",
      "dependencies": {
        "assert-plus": {
          "version": "1.0.0",
          "from": "assert-plus@>=1.0.0 <2.0.0",
          "resolved": "https://registry.npmjs.org/assert-plus/-/assert-plus-1.0.0.tgz"
        }
      }
    },
    "define-properties": {
      "version": "1.1.2",
      "from": "define-properties@>=1.1.2 <2.0.0",
      "resolved": "https://registry.npmjs.org/define-properties/-/define-properties-1.1.2.tgz"
    },
    "delayed-stream": {
      "version": "1.0.0",
      "from": "delayed-stream@>=1.0.0 <1.1.0",
      "resolved": "https://registry.npmjs.org/delayed-stream/-/delayed-stream-1.0.0.tgz"
    },
    "delegate": {
      "version": "3.2.0",
      "from": "delegate@>=3.1.2 <4.0.0",
      "resolved": "https://registry.npmjs.org/delegate/-/delegate-3.2.0.tgz"
    },
    "dom-serializer": {
      "version": "0.1.0",
      "from": "dom-serializer@>=0.1.0 <0.2.0",
      "resolved": "https://registry.npmjs.org/dom-serializer/-/dom-serializer-0.1.0.tgz",
      "dependencies": {
        "domelementtype": {
          "version": "1.1.3",
          "from": "domelementtype@>=1.1.1 <1.2.0",
          "resolved": "https://registry.npmjs.org/domelementtype/-/domelementtype-1.1.3.tgz"
        }
      }
    },
    "domelementtype": {
      "version": "1.3.0",
      "from": "domelementtype@>=1.0.0 <2.0.0",
      "resolved": "https://registry.npmjs.org/domelementtype/-/domelementtype-1.3.0.tgz"
    },
    "domhandler": {
      "version": "2.4.1",
      "from": "domhandler@>=2.3.0 <3.0.0",
      "resolved": "https://registry.npmjs.org/domhandler/-/domhandler-2.4.1.tgz"
    },
    "domutils": {
      "version": "1.5.1",
      "from": "domutils@1.5.1",
      "resolved": "https://registry.npmjs.org/domutils/-/domutils-1.5.1.tgz"
    },
    "dsjslib": {
      "version": "0.6.14",
      "from": "dsjslib@latest",
      "resolved": "https://registry.npmjs.org/dsjslib/-/dsjslib-0.6.14.tgz"
    },
    "ebnf-parser": {
      "version": "0.1.10",
      "from": "ebnf-parser@>=0.1.9 <0.2.0",
      "resolved": "https://registry.npmjs.org/ebnf-parser/-/ebnf-parser-0.1.10.tgz"
    },
    "ecc-jsbn": {
      "version": "0.1.1",
      "from": "ecc-jsbn@>=0.1.1 <0.2.0",
      "resolved": "https://registry.npmjs.org/ecc-jsbn/-/ecc-jsbn-0.1.1.tgz",
      "optional": true
    },
    "encoding": {
      "version": "0.1.12",
      "from": "encoding@>=0.1.11 <0.2.0",
      "resolved": "https://registry.npmjs.org/encoding/-/encoding-0.1.12.tgz",
      "dependencies": {
        "iconv-lite": {
          "version": "0.4.19",
          "from": "iconv-lite@>=0.4.13 <0.5.0",
          "resolved": "https://registry.npmjs.org/iconv-lite/-/iconv-lite-0.4.19.tgz"
        }
      }
    },
    "entities": {
      "version": "1.1.1",
      "from": "entities@>=1.1.1 <1.2.0",
      "resolved": "https://registry.npmjs.org/entities/-/entities-1.1.1.tgz"
    },
    "enzyme": {
      "version": "2.9.1",
      "from": "enzyme@>=2.9.1 <3.0.0",
      "resolved": "https://registry.npmjs.org/enzyme/-/enzyme-2.9.1.tgz",
      "dependencies": {
        "lodash": {
          "version": "4.17.5",
          "from": "lodash@>=4.17.4 <5.0.0",
          "resolved": "https://registry.npmjs.org/lodash/-/lodash-4.17.5.tgz"
        }
      }
    },
    "es-abstract": {
      "version": "1.10.0",
      "from": "es-abstract@>=1.6.1 <2.0.0",
      "resolved": "https://registry.npmjs.org/es-abstract/-/es-abstract-1.10.0.tgz"
    },
    "es-to-primitive": {
      "version": "1.1.1",
      "from": "es-to-primitive@>=1.1.1 <2.0.0",
      "resolved": "https://registry.npmjs.org/es-to-primitive/-/es-to-primitive-1.1.1.tgz"
    },
    "es5-shim": {
      "version": "4.5.10",
      "from": "es5-shim@latest",
      "resolved": "https://registry.npmjs.org/es5-shim/-/es5-shim-4.5.10.tgz"
    },
    "escape-string-regexp": {
      "version": "1.0.5",
      "from": "escape-string-regexp@>=1.0.2 <2.0.0",
      "resolved": "https://registry.npmjs.org/escape-string-regexp/-/escape-string-regexp-1.0.5.tgz"
    },
    "esprima": {
      "version": "1.0.4",
      "from": "esprima@>=1.0.2 <1.1.0",
      "resolved": "https://registry.npmjs.org/esprima/-/esprima-1.0.4.tgz"
    },
    "extend": {
      "version": "3.0.1",
      "from": "extend@>=3.0.0 <3.1.0",
      "resolved": "https://registry.npmjs.org/extend/-/extend-3.0.1.tgz"
    },
    "extsprintf": {
      "version": "1.3.0",
      "from": "extsprintf@1.3.0",
      "resolved": "https://registry.npmjs.org/extsprintf/-/extsprintf-1.3.0.tgz"
    },
    "fbjs": {
      "version": "0.8.16",
      "from": "fbjs@>=0.8.9 <0.9.0",
      "resolved": "https://registry.npmjs.org/fbjs/-/fbjs-0.8.16.tgz"
    },
    "file-saver": {
      "version": "1.3.3",
      "from": "file-saver@latest",
      "resolved": "https://registry.npmjs.org/file-saver/-/file-saver-1.3.3.tgz"
    },
    "file-sync-cmp": {
      "version": "0.1.1",
      "from": "file-sync-cmp@>=0.1.0 <0.2.0",
      "resolved": "https://registry.npmjs.org/file-sync-cmp/-/file-sync-cmp-0.1.1.tgz"
    },
    "font-awesome": {
      "version": "4.7.0",
      "from": "font-awesome@>=4.7.0 <5.0.0",
      "resolved": "https://registry.npmjs.org/font-awesome/-/font-awesome-4.7.0.tgz"
    },
    "foreach": {
      "version": "2.0.5",
      "from": "foreach@>=2.0.5 <3.0.0",
      "resolved": "https://registry.npmjs.org/foreach/-/foreach-2.0.5.tgz"
    },
    "forever-agent": {
      "version": "0.6.1",
      "from": "forever-agent@>=0.6.1 <0.7.0",
      "resolved": "https://registry.npmjs.org/forever-agent/-/forever-agent-0.6.1.tgz"
    },
    "form-data": {
      "version": "2.1.4",
      "from": "form-data@>=2.1.1 <2.2.0",
      "resolved": "https://registry.npmjs.org/form-data/-/form-data-2.1.4.tgz"
    },
    "function-bind": {
      "version": "1.1.1",
      "from": "function-bind@>=1.0.2 <2.0.0",
      "resolved": "https://registry.npmjs.org/function-bind/-/function-bind-1.1.1.tgz"
    },
    "function.prototype.name": {
      "version": "1.1.0",
      "from": "function.prototype.name@>=1.0.0 <2.0.0",
      "resolved": "https://registry.npmjs.org/function.prototype.name/-/function.prototype.name-1.1.0.tgz"
    },
    "generate-function": {
      "version": "2.0.0",
      "from": "generate-function@>=2.0.0 <3.0.0",
      "resolved": "https://registry.npmjs.org/generate-function/-/generate-function-2.0.0.tgz"
    },
    "generate-object-property": {
      "version": "1.2.0",
      "from": "generate-object-property@>=1.1.0 <2.0.0",
      "resolved": "https://registry.npmjs.org/generate-object-property/-/generate-object-property-1.2.0.tgz"
    },
    "getpass": {
      "version": "0.1.7",
      "from": "getpass@>=0.1.1 <0.2.0",
      "resolved": "https://registry.npmjs.org/getpass/-/getpass-0.1.7.tgz",
      "dependencies": {
        "assert-plus": {
          "version": "1.0.0",
          "from": "assert-plus@>=1.0.0 <2.0.0",
          "resolved": "https://registry.npmjs.org/assert-plus/-/assert-plus-1.0.0.tgz"
        }
      }
    },
    "good-listener": {
      "version": "1.2.2",
      "from": "good-listener@>=1.2.2 <2.0.0",
      "resolved": "https://registry.npmjs.org/good-listener/-/good-listener-1.2.2.tgz"
    },
    "grunt-contrib-copy": {
      "version": "1.0.0",
      "from": "grunt-contrib-copy@latest",
      "resolved": "https://registry.npmjs.org/grunt-contrib-copy/-/grunt-contrib-copy-1.0.0.tgz",
      "dependencies": {
        "chalk": {
          "version": "1.1.3",
          "from": "chalk@>=1.1.1 <2.0.0",
          "resolved": "https://registry.npmjs.org/chalk/-/chalk-1.1.3.tgz"
        }
      }
    },
    "har-validator": {
      "version": "2.0.6",
      "from": "har-validator@>=2.0.6 <2.1.0",
      "resolved": "https://registry.npmjs.org/har-validator/-/har-validator-2.0.6.tgz",
      "dependencies": {
        "chalk": {
          "version": "1.1.3",
          "from": "chalk@>=1.1.1 <2.0.0",
          "resolved": "https://registry.npmjs.org/chalk/-/chalk-1.1.3.tgz"
        }
      }
    },
    "has": {
      "version": "1.0.1",
      "from": "has@>=1.0.0 <2.0.0",
      "resolved": "https://registry.npmjs.org/has/-/has-1.0.1.tgz"
    },
    "has-ansi": {
      "version": "2.0.0",
      "from": "has-ansi@>=2.0.0 <3.0.0",
      "resolved": "https://registry.npmjs.org/has-ansi/-/has-ansi-2.0.0.tgz"
    },
    "has-symbols": {
      "version": "1.0.0",
      "from": "has-symbols@>=1.0.0 <2.0.0",
      "resolved": "https://registry.npmjs.org/has-symbols/-/has-symbols-1.0.0.tgz"
    },
    "hawk": {
      "version": "3.1.3",
      "from": "hawk@>=3.1.3 <3.2.0",
      "resolved": "https://registry.npmjs.org/hawk/-/hawk-3.1.3.tgz"
    },
    "hoek": {
      "version": "2.16.3",
      "from": "hoek@>=2.0.0 <3.0.0",
      "resolved": "https://registry.npmjs.org/hoek/-/hoek-2.16.3.tgz"
    },
    "hoist-non-react-statics": {
      "version": "2.5.0",
      "from": "hoist-non-react-statics@>=2.5.0 <3.0.0",
      "resolved": "https://registry.npmjs.org/hoist-non-react-statics/-/hoist-non-react-statics-2.5.0.tgz"
    },
    "htmlparser": {
      "version": "1.7.7",
      "from": "htmlparser@>=1.0.0 <2.0.0",
      "resolved": "https://registry.npmjs.org/htmlparser/-/htmlparser-1.7.7.tgz"
    },
    "htmlparser2": {
      "version": "3.9.2",
      "from": "htmlparser2@>=3.9.1 <4.0.0",
      "resolved": "https://registry.npmjs.org/htmlparser2/-/htmlparser2-3.9.2.tgz"
    },
    "http-signature": {
      "version": "1.1.1",
      "from": "http-signature@>=1.1.0 <1.2.0",
      "resolved": "https://registry.npmjs.org/http-signature/-/http-signature-1.1.1.tgz"
    },
    "inherits": {
      "version": "2.0.3",
      "from": "inherits@>=2.0.0 <3.0.0",
      "resolved": "https://registry.npmjs.org/inherits/-/inherits-2.0.3.tgz"
    },
    "invariant": {
      "version": "2.2.3",
      "from": "invariant@>=2.2.2 <3.0.0",
      "resolved": "https://registry.npmjs.org/invariant/-/invariant-2.2.3.tgz"
    },
    "is-callable": {
      "version": "1.1.3",
      "from": "is-callable@>=1.1.3 <2.0.0",
      "resolved": "https://registry.npmjs.org/is-callable/-/is-callable-1.1.3.tgz"
    },
    "is-date-object": {
      "version": "1.0.1",
      "from": "is-date-object@>=1.0.1 <2.0.0",
      "resolved": "https://registry.npmjs.org/is-date-object/-/is-date-object-1.0.1.tgz"
    },
    "is-my-ip-valid": {
      "version": "1.0.0",
      "from": "is-my-ip-valid@>=1.0.0 <2.0.0",
      "resolved": "https://registry.npmjs.org/is-my-ip-valid/-/is-my-ip-valid-1.0.0.tgz"
    },
    "is-my-json-valid": {
      "version": "2.17.2",
      "from": "is-my-json-valid@>=2.12.4 <3.0.0",
      "resolved": "https://registry.npmjs.org/is-my-json-valid/-/is-my-json-valid-2.17.2.tgz"
    },
    "is-property": {
      "version": "1.0.2",
      "from": "is-property@>=1.0.0 <2.0.0",
      "resolved": "https://registry.npmjs.org/is-property/-/is-property-1.0.2.tgz"
    },
    "is-regex": {
      "version": "1.0.4",
      "from": "is-regex@>=1.0.4 <2.0.0",
      "resolved": "https://registry.npmjs.org/is-regex/-/is-regex-1.0.4.tgz"
    },
    "is-stream": {
      "version": "1.1.0",
      "from": "is-stream@>=1.0.1 <2.0.0",
      "resolved": "https://registry.npmjs.org/is-stream/-/is-stream-1.1.0.tgz"
    },
    "is-subset": {
      "version": "0.1.1",
      "from": "is-subset@>=0.1.1 <0.2.0",
      "resolved": "https://registry.npmjs.org/is-subset/-/is-subset-0.1.1.tgz"
    },
    "is-symbol": {
      "version": "1.0.1",
      "from": "is-symbol@>=1.0.1 <2.0.0",
      "resolved": "https://registry.npmjs.org/is-symbol/-/is-symbol-1.0.1.tgz"
    },
    "is-typedarray": {
      "version": "1.0.0",
      "from": "is-typedarray@>=1.0.0 <1.1.0",
      "resolved": "https://registry.npmjs.org/is-typedarray/-/is-typedarray-1.0.0.tgz"
    },
    "isarray": {
      "version": "1.0.0",
      "from": "isarray@>=1.0.0 <1.1.0",
      "resolved": "https://registry.npmjs.org/isarray/-/isarray-1.0.0.tgz"
    },
    "isomorphic-fetch": {
      "version": "2.2.1",
      "from": "isomorphic-fetch@>=2.1.1 <3.0.0",
      "resolved": "https://registry.npmjs.org/isomorphic-fetch/-/isomorphic-fetch-2.2.1.tgz"
    },
    "isstream": {
      "version": "0.1.2",
      "from": "isstream@>=0.1.2 <0.2.0",
      "resolved": "https://registry.npmjs.org/isstream/-/isstream-0.1.2.tgz"
    },
    "jison": {
      "version": "0.4.13",
      "from": "jison@0.4.13",
      "resolved": "https://registry.npmjs.org/jison/-/jison-0.4.13.tgz",
      "dependencies": {
        "escodegen": {
          "version": "0.0.21",
          "from": "escodegen@0.0.21",
          "resolved": "https://registry.npmjs.org/escodegen/-/escodegen-0.0.21.tgz"
        },
        "estraverse": {
          "version": "0.0.4",
          "from": "estraverse@>=0.0.4 <0.1.0",
          "resolved": "https://registry.npmjs.org/estraverse/-/estraverse-0.0.4.tgz"
        }
      }
    },
    "jison-lex": {
      "version": "0.2.1",
      "from": "jison-lex@>=0.2.0 <0.3.0",
      "resolved": "https://registry.npmjs.org/jison-lex/-/jison-lex-0.2.1.tgz"
    },
    "jquery": {
      "version": "3.3.1",
      "from": "jquery@>=3.3.1 <4.0.0",
      "resolved": "https://registry.npmjs.org/jquery/-/jquery-3.3.1.tgz"
    },
    "jquery-mousewheel": {
      "version": "3.1.13",
      "from": "jquery-mousewheel@>=3.1.13 <3.2.0",
      "resolved": "https://registry.npmjs.org/jquery-mousewheel/-/jquery-mousewheel-3.1.13.tgz"
    },
    "jQuery-QueryBuilder": {
      "version": "1.1.0",
      "from": "git+https://github.com/romanchyla/jQuery-QueryBuilder.git#master",
      "resolved": "git+https://github.com/romanchyla/jQuery-QueryBuilder.git#6bfa9c50004af4347135d6af95ba7b4d020b4173"
    },
    "jquery-ui": {
      "version": "1.12.1",
      "from": "jquery-ui@1.12.1",
      "resolved": "https://registry.npmjs.org/jquery-ui/-/jquery-ui-1.12.1.tgz"
    },
    "js-tokens": {
      "version": "3.0.2",
      "from": "js-tokens@>=3.0.0 <4.0.0",
      "resolved": "https://registry.npmjs.org/js-tokens/-/js-tokens-3.0.2.tgz"
    },
    "jsbn": {
      "version": "0.1.1",
      "from": "jsbn@>=0.1.0 <0.2.0",
      "resolved": "https://registry.npmjs.org/jsbn/-/jsbn-0.1.1.tgz",
      "optional": true
    },
    "jsdom": {
      "version": "0.5.7",
      "from": "jsdom@0.5.7",
      "resolved": "https://registry.npmjs.org/jsdom/-/jsdom-0.5.7.tgz"
    },
    "json-schema": {
      "version": "0.2.3",
      "from": "json-schema@0.2.3",
      "resolved": "https://registry.npmjs.org/json-schema/-/json-schema-0.2.3.tgz"
    },
    "json-stringify-safe": {
      "version": "5.0.1",
      "from": "json-stringify-safe@>=5.0.1 <5.1.0",
      "resolved": "https://registry.npmjs.org/json-stringify-safe/-/json-stringify-safe-5.0.1.tgz"
    },
    "jsonpath": {
      "version": "0.2.12",
      "from": "jsonpath@>=0.2.12 <0.3.0",
      "resolved": "https://registry.npmjs.org/jsonpath/-/jsonpath-0.2.12.tgz",
      "dependencies": {
        "esprima": {
          "version": "1.2.2",
          "from": "esprima@1.2.2",
          "resolved": "https://registry.npmjs.org/esprima/-/esprima-1.2.2.tgz"
        }
      }
    },
    "jsonpointer": {
      "version": "4.0.1",
      "from": "jsonpointer@>=4.0.0 <5.0.0",
      "resolved": "https://registry.npmjs.org/jsonpointer/-/jsonpointer-4.0.1.tgz"
    },
    "JSONSelect": {
      "version": "0.4.0",
      "from": "JSONSelect@0.4.0",
      "resolved": "https://registry.npmjs.org/JSONSelect/-/JSONSelect-0.4.0.tgz"
    },
    "jsprim": {
      "version": "1.4.1",
      "from": "jsprim@>=1.2.2 <2.0.0",
      "resolved": "https://registry.npmjs.org/jsprim/-/jsprim-1.4.1.tgz",
      "dependencies": {
        "assert-plus": {
          "version": "1.0.0",
          "from": "assert-plus@1.0.0",
          "resolved": "https://registry.npmjs.org/assert-plus/-/assert-plus-1.0.0.tgz"
        }
      }
    },
    "lex-parser": {
      "version": "0.1.4",
      "from": "lex-parser@>=0.1.3 <0.2.0",
      "resolved": "https://registry.npmjs.org/lex-parser/-/lex-parser-0.1.4.tgz"
    },
    "lodash": {
      "version": "2.4.2",
      "from": "lodash@>=2.4.2 <3.0.0",
      "resolved": "https://registry.npmjs.org/lodash/-/lodash-2.4.2.tgz"
    },
    "lodash-es": {
      "version": "4.17.5",
      "from": "lodash-es@>=4.17.5 <5.0.0",
      "resolved": "https://registry.npmjs.org/lodash-es/-/lodash-es-4.17.5.tgz"
    },
    "lodash.assignin": {
      "version": "4.2.0",
      "from": "lodash.assignin@>=4.0.9 <5.0.0",
      "resolved": "https://registry.npmjs.org/lodash.assignin/-/lodash.assignin-4.2.0.tgz"
    },
    "lodash.bind": {
      "version": "4.2.1",
      "from": "lodash.bind@>=4.1.4 <5.0.0",
      "resolved": "https://registry.npmjs.org/lodash.bind/-/lodash.bind-4.2.1.tgz"
    },
    "lodash.defaults": {
      "version": "4.2.0",
      "from": "lodash.defaults@>=4.0.1 <5.0.0",
      "resolved": "https://registry.npmjs.org/lodash.defaults/-/lodash.defaults-4.2.0.tgz"
    },
    "lodash.filter": {
      "version": "4.6.0",
      "from": "lodash.filter@>=4.4.0 <5.0.0",
      "resolved": "https://registry.npmjs.org/lodash.filter/-/lodash.filter-4.6.0.tgz"
    },
    "lodash.flatten": {
      "version": "4.4.0",
      "from": "lodash.flatten@>=4.2.0 <5.0.0",
      "resolved": "https://registry.npmjs.org/lodash.flatten/-/lodash.flatten-4.4.0.tgz"
    },
    "lodash.foreach": {
      "version": "4.5.0",
      "from": "lodash.foreach@>=4.3.0 <5.0.0",
      "resolved": "https://registry.npmjs.org/lodash.foreach/-/lodash.foreach-4.5.0.tgz"
    },
    "lodash.map": {
      "version": "4.6.0",
      "from": "lodash.map@>=4.4.0 <5.0.0",
      "resolved": "https://registry.npmjs.org/lodash.map/-/lodash.map-4.6.0.tgz"
    },
    "lodash.merge": {
      "version": "4.6.1",
      "from": "lodash.merge@>=4.4.0 <5.0.0",
      "resolved": "https://registry.npmjs.org/lodash.merge/-/lodash.merge-4.6.1.tgz"
    },
    "lodash.pick": {
      "version": "4.4.0",
      "from": "lodash.pick@>=4.2.1 <5.0.0",
      "resolved": "https://registry.npmjs.org/lodash.pick/-/lodash.pick-4.4.0.tgz"
    },
    "lodash.reduce": {
      "version": "4.6.0",
      "from": "lodash.reduce@>=4.4.0 <5.0.0",
      "resolved": "https://registry.npmjs.org/lodash.reduce/-/lodash.reduce-4.6.0.tgz"
    },
    "lodash.reject": {
      "version": "4.6.0",
      "from": "lodash.reject@>=4.4.0 <5.0.0",
      "resolved": "https://registry.npmjs.org/lodash.reject/-/lodash.reject-4.6.0.tgz"
    },
    "lodash.some": {
      "version": "4.6.0",
      "from": "lodash.some@>=4.4.0 <5.0.0",
      "resolved": "https://registry.npmjs.org/lodash.some/-/lodash.some-4.6.0.tgz"
    },
    "loose-envify": {
      "version": "1.3.1",
      "from": "loose-envify@>=1.1.0 <2.0.0",
      "resolved": "https://registry.npmjs.org/loose-envify/-/loose-envify-1.3.1.tgz"
    },
    "mathjax": {
      "version": "2.5.1",
      "from": "mathjax@2.5.1",
      "resolved": "https://registry.npmjs.org/mathjax/-/mathjax-2.5.1.tgz"
    },
    "mime-db": {
      "version": "1.33.0",
      "from": "mime-db@>=1.33.0 <1.34.0",
      "resolved": "https://registry.npmjs.org/mime-db/-/mime-db-1.33.0.tgz"
    },
    "mime-types": {
      "version": "2.1.18",
      "from": "mime-types@>=2.1.7 <2.2.0",
      "resolved": "https://registry.npmjs.org/mime-types/-/mime-types-2.1.18.tgz"
    },
    "moment": {
      "version": "2.21.0",
      "from": "moment@>=2.21.0 <3.0.0",
      "resolved": "https://registry.npmjs.org/moment/-/moment-2.21.0.tgz"
    },
    "nan": {
      "version": "2.9.2",
      "from": "nan@>=2.3.2 <3.0.0",
      "resolved": "https://registry.npmjs.org/nan/-/nan-2.9.2.tgz"
    },
    "node-fetch": {
      "version": "1.7.3",
      "from": "node-fetch@>=1.0.1 <2.0.0",
      "resolved": "https://registry.npmjs.org/node-fetch/-/node-fetch-1.7.3.tgz"
    },
    "nomnom": {
      "version": "1.5.2",
      "from": "nomnom@1.5.2",
      "resolved": "https://registry.npmjs.org/nomnom/-/nomnom-1.5.2.tgz",
      "dependencies": {
        "colors": {
          "version": "0.5.1",
          "from": "colors@>=0.5.0 <0.6.0",
          "resolved": "https://registry.npmjs.org/colors/-/colors-0.5.1.tgz"
        },
        "underscore": {
          "version": "1.1.7",
          "from": "underscore@>=1.1.0 <1.2.0",
          "resolved": "https://registry.npmjs.org/underscore/-/underscore-1.1.7.tgz"
        }
      }
    },
    "nth-check": {
      "version": "1.0.1",
      "from": "nth-check@>=1.0.1 <1.1.0",
      "resolved": "https://registry.npmjs.org/nth-check/-/nth-check-1.0.1.tgz"
    },
    "nwmatcher": {
      "version": "1.3.9",
      "from": "nwmatcher@>=1.3.1 <1.4.0",
      "resolved": "https://registry.npmjs.org/nwmatcher/-/nwmatcher-1.3.9.tgz"
    },
    "oauth-sign": {
      "version": "0.8.2",
      "from": "oauth-sign@>=0.8.1 <0.9.0",
      "resolved": "https://registry.npmjs.org/oauth-sign/-/oauth-sign-0.8.2.tgz"
    },
    "object-assign": {
      "version": "4.1.1",
      "from": "object-assign@>=4.1.0 <5.0.0",
      "resolved": "https://registry.npmjs.org/object-assign/-/object-assign-4.1.1.tgz"
    },
    "object-is": {
      "version": "1.0.1",
      "from": "object-is@>=1.0.1 <2.0.0",
      "resolved": "https://registry.npmjs.org/object-is/-/object-is-1.0.1.tgz"
    },
    "object-keys": {
      "version": "1.0.11",
      "from": "object-keys@>=1.0.8 <2.0.0",
      "resolved": "https://registry.npmjs.org/object-keys/-/object-keys-1.0.11.tgz"
    },
    "object.assign": {
      "version": "4.1.0",
      "from": "object.assign@>=4.0.4 <5.0.0",
      "resolved": "https://registry.npmjs.org/object.assign/-/object.assign-4.1.0.tgz"
    },
    "object.entries": {
      "version": "1.0.4",
      "from": "object.entries@>=1.0.4 <2.0.0",
      "resolved": "https://registry.npmjs.org/object.entries/-/object.entries-1.0.4.tgz"
    },
    "object.values": {
      "version": "1.0.4",
      "from": "object.values@>=1.0.4 <2.0.0",
      "resolved": "https://registry.npmjs.org/object.values/-/object.values-1.0.4.tgz"
    },
    "persist-js": {
      "version": "0.3.1",
      "from": "persist-js@latest",
      "resolved": "https://registry.npmjs.org/persist-js/-/persist-js-0.3.1.tgz"
    },
    "pinkie": {
      "version": "2.0.4",
      "from": "pinkie@>=2.0.0 <3.0.0",
      "resolved": "https://registry.npmjs.org/pinkie/-/pinkie-2.0.4.tgz"
    },
    "pinkie-promise": {
      "version": "2.0.1",
      "from": "pinkie-promise@>=2.0.0 <3.0.0",
      "resolved": "https://registry.npmjs.org/pinkie-promise/-/pinkie-promise-2.0.1.tgz"
    },
    "process-nextick-args": {
      "version": "2.0.0",
      "from": "process-nextick-args@>=2.0.0 <2.1.0",
      "resolved": "https://registry.npmjs.org/process-nextick-args/-/process-nextick-args-2.0.0.tgz"
    },
    "promise": {
      "version": "7.3.1",
      "from": "promise@>=7.1.1 <8.0.0",
      "resolved": "https://registry.npmjs.org/promise/-/promise-7.3.1.tgz"
    },
    "prop-types": {
      "version": "15.6.0",
      "from": "prop-types@15.6.0",
      "resolved": "https://registry.npmjs.org/prop-types/-/prop-types-15.6.0.tgz"
    },
    "punycode": {
      "version": "1.4.1",
      "from": "punycode@>=1.3.2 <2.0.0",
      "resolved": "https://registry.npmjs.org/punycode/-/punycode-1.4.1.tgz"
    },
    "qs": {
      "version": "6.3.2",
      "from": "qs@>=6.3.0 <6.4.0",
      "resolved": "https://registry.npmjs.org/qs/-/qs-6.3.2.tgz"
    },
    "react": {
      "version": "15.6.2",
      "from": "react@>=15.6.1 <16.0.0",
      "resolved": "https://registry.npmjs.org/react/-/react-15.6.2.tgz"
    },
    "react-addons-test-utils": {
      "version": "15.6.2",
      "from": "react-addons-test-utils@>=15.6.0 <16.0.0",
      "resolved": "https://registry.npmjs.org/react-addons-test-utils/-/react-addons-test-utils-15.6.2.tgz"
    },
    "react-dom": {
      "version": "15.6.1",
      "from": "react-dom@15.6.1",
      "resolved": "https://registry.npmjs.org/react-dom/-/react-dom-15.6.1.tgz"
    },
    "react-redux": {
      "version": "5.0.7",
      "from": "react-redux@>=5.0.7 <6.0.0",
      "resolved": "https://registry.npmjs.org/react-redux/-/react-redux-5.0.7.tgz",
      "dependencies": {
        "lodash": {
          "version": "4.17.5",
          "from": "lodash@>=4.17.5 <5.0.0",
          "resolved": "https://registry.npmjs.org/lodash/-/lodash-4.17.5.tgz"
        }
      }
    },
    "react-test-renderer": {
      "version": "15.6.1",
      "from": "react-test-renderer@15.6.1",
      "resolved": "https://registry.npmjs.org/react-test-renderer/-/react-test-renderer-15.6.1.tgz"
    },
    "readable-stream": {
      "version": "2.3.4",
      "from": "readable-stream@>=2.0.2 <3.0.0",
      "resolved": "https://registry.npmjs.org/readable-stream/-/readable-stream-2.3.4.tgz"
    },
    "redux": {
      "version": "3.7.2",
      "from": "redux@>=3.7.2 <4.0.0",
      "resolved": "https://registry.npmjs.org/redux/-/redux-3.7.2.tgz",
      "dependencies": {
        "lodash": {
          "version": "4.17.5",
          "from": "lodash@>=4.2.1 <5.0.0",
          "resolved": "https://registry.npmjs.org/lodash/-/lodash-4.17.5.tgz"
        }
      }
    },
    "redux-thunk": {
      "version": "2.2.0",
      "from": "redux-thunk@>=2.2.0 <3.0.0",
      "resolved": "https://registry.npmjs.org/redux-thunk/-/redux-thunk-2.2.0.tgz"
    },
    "request": {
      "version": "2.79.0",
      "from": "request@2.79.0",
      "resolved": "https://registry.npmjs.org/request/-/request-2.79.0.tgz"
    },
    "require-handlebars-plugin": {
      "version": "1.0.0",
      "from": "require-handlebars-plugin@>=1.0.0 <2.0.0",
      "resolved": "https://registry.npmjs.org/require-handlebars-plugin/-/require-handlebars-plugin-1.0.0.tgz"
    },
    "requirejs": {
      "version": "2.3.5",
      "from": "requirejs@>=2.3.3 <3.0.0",
      "resolved": "https://registry.npmjs.org/requirejs/-/requirejs-2.3.5.tgz"
    },
    "requirejs-babel-plugin": {
      "version": "0.5.0",
      "from": "requirejs-babel-plugin@latest",
      "resolved": "https://registry.npmjs.org/requirejs-babel-plugin/-/requirejs-babel-plugin-0.5.0.tgz"
    },
    "safe-buffer": {
      "version": "5.1.1",
      "from": "safe-buffer@>=5.1.1 <6.0.0",
      "resolved": "https://registry.npmjs.org/safe-buffer/-/safe-buffer-5.1.1.tgz"
    },
    "select": {
      "version": "1.1.2",
      "from": "select@>=1.1.2 <2.0.0",
      "resolved": "https://registry.npmjs.org/select/-/select-1.1.2.tgz"
    },
    "select2": {
      "version": "4.0.3",
      "from": "select2@4.0.3",
      "resolved": "https://registry.npmjs.org/select2/-/select2-4.0.3.tgz"
    },
    "setimmediate": {
      "version": "1.0.5",
      "from": "setimmediate@>=1.0.5 <2.0.0",
      "resolved": "https://registry.npmjs.org/setimmediate/-/setimmediate-1.0.5.tgz"
    },
    "sntp": {
      "version": "1.0.9",
      "from": "sntp@>=1.0.0 <2.0.0",
      "resolved": "https://registry.npmjs.org/sntp/-/sntp-1.0.9.tgz"
    },
    "source-map": {
      "version": "0.5.7",
      "from": "source-map@>=0.5.6 <0.6.0",
      "resolved": "https://registry.npmjs.org/source-map/-/source-map-0.5.7.tgz"
    },
    "sprintf-js": {
      "version": "1.0.2",
      "from": "sprintf-js@1.0.2",
      "resolved": "https://registry.npmjs.org/sprintf-js/-/sprintf-js-1.0.2.tgz"
    },
    "sshpk": {
      "version": "1.13.1",
      "from": "sshpk@>=1.7.0 <2.0.0",
      "resolved": "https://registry.npmjs.org/sshpk/-/sshpk-1.13.1.tgz",
      "dependencies": {
        "assert-plus": {
          "version": "1.0.0",
          "from": "assert-plus@>=1.0.0 <2.0.0",
          "resolved": "https://registry.npmjs.org/assert-plus/-/assert-plus-1.0.0.tgz"
        }
      }
    },
    "static-eval": {
      "version": "0.2.3",
      "from": "static-eval@0.2.3",
      "resolved": "https://registry.npmjs.org/static-eval/-/static-eval-0.2.3.tgz",
      "dependencies": {
        "escodegen": {
          "version": "0.0.28",
          "from": "escodegen@>=0.0.24 <0.1.0",
          "resolved": "https://registry.npmjs.org/escodegen/-/escodegen-0.0.28.tgz"
        },
        "estraverse": {
          "version": "1.3.2",
          "from": "estraverse@>=1.3.0 <1.4.0",
          "resolved": "https://registry.npmjs.org/estraverse/-/estraverse-1.3.2.tgz"
        }
      }
    },
    "string_decoder": {
      "version": "1.0.3",
      "from": "string_decoder@>=1.0.0 <1.1.0",
      "resolved": "https://registry.npmjs.org/string_decoder/-/string_decoder-1.0.3.tgz"
    },
    "stringstream": {
      "version": "0.0.5",
      "from": "stringstream@>=0.0.4 <0.1.0",
      "resolved": "https://registry.npmjs.org/stringstream/-/stringstream-0.0.5.tgz"
    },
    "strip-ansi": {
      "version": "3.0.1",
      "from": "strip-ansi@>=3.0.0 <4.0.0",
      "resolved": "https://registry.npmjs.org/strip-ansi/-/strip-ansi-3.0.1.tgz"
    },
    "supports-color": {
      "version": "2.0.0",
      "from": "supports-color@>=2.0.0 <3.0.0",
      "resolved": "https://registry.npmjs.org/supports-color/-/supports-color-2.0.0.tgz"
    },
    "symbol-observable": {
      "version": "1.2.0",
      "from": "symbol-observable@>=1.0.3 <2.0.0",
      "resolved": "https://registry.npmjs.org/symbol-observable/-/symbol-observable-1.2.0.tgz"
    },
    "tiny-emitter": {
      "version": "2.0.2",
      "from": "tiny-emitter@>=2.0.0 <3.0.0",
      "resolved": "https://registry.npmjs.org/tiny-emitter/-/tiny-emitter-2.0.2.tgz"
    },
    "tough-cookie": {
      "version": "2.3.4",
      "from": "tough-cookie@>=2.3.0 <2.4.0",
      "resolved": "https://registry.npmjs.org/tough-cookie/-/tough-cookie-2.3.4.tgz"
    },
    "tunnel-agent": {
      "version": "0.4.3",
      "from": "tunnel-agent@>=0.4.1 <0.5.0",
      "resolved": "https://registry.npmjs.org/tunnel-agent/-/tunnel-agent-0.4.3.tgz"
    },
    "tweetnacl": {
      "version": "0.14.5",
      "from": "tweetnacl@>=0.14.0 <0.15.0",
      "resolved": "https://registry.npmjs.org/tweetnacl/-/tweetnacl-0.14.5.tgz",
      "optional": true
    },
    "ua-parser-js": {
      "version": "0.7.17",
      "from": "ua-parser-js@>=0.7.9 <0.8.0",
      "resolved": "https://registry.npmjs.org/ua-parser-js/-/ua-parser-js-0.7.17.tgz"
    },
    "underscore": {
      "version": "1.7.0",
      "from": "underscore@>=1.7.0 <1.8.0",
      "resolved": "https://registry.npmjs.org/underscore/-/underscore-1.7.0.tgz"
    },
    "util-deprecate": {
      "version": "1.0.2",
      "from": "util-deprecate@>=1.0.1 <1.1.0",
      "resolved": "https://registry.npmjs.org/util-deprecate/-/util-deprecate-1.0.2.tgz"
    },
    "uuid": {
      "version": "3.2.1",
      "from": "uuid@>=3.0.0 <4.0.0",
      "resolved": "https://registry.npmjs.org/uuid/-/uuid-3.2.1.tgz"
    },
    "verror": {
      "version": "1.10.0",
      "from": "verror@1.10.0",
      "resolved": "https://registry.npmjs.org/verror/-/verror-1.10.0.tgz",
      "dependencies": {
        "assert-plus": {
          "version": "1.0.0",
          "from": "assert-plus@>=1.0.0 <2.0.0",
          "resolved": "https://registry.npmjs.org/assert-plus/-/assert-plus-1.0.0.tgz"
        }
      }
    },
    "whatwg-fetch": {
      "version": "2.0.3",
      "from": "whatwg-fetch@>=0.10.0",
      "resolved": "https://registry.npmjs.org/whatwg-fetch/-/whatwg-fetch-2.0.3.tgz"
    },
    "xtend": {
      "version": "4.0.1",
      "from": "xtend@>=4.0.0 <5.0.0",
      "resolved": "https://registry.npmjs.org/xtend/-/xtend-4.0.1.tgz"
    }
  }
}
